// !$*UTF8*$!
{
	archiveVersion = 1;
	classes = {
	};
	objectVersion = 46;
	objects = {

/* Begin PBXBuildFile section */
		45177C201F27971700918CDE /* AppDelegate.swift in Sources */ = {isa = PBXBuildFile; fileRef = 45177C1F1F27971700918CDE /* AppDelegate.swift */; };
		45177C221F27971700918CDE /* ViewController.swift in Sources */ = {isa = PBXBuildFile; fileRef = 45177C211F27971700918CDE /* ViewController.swift */; };
		45177C251F27971700918CDE /* Main.storyboard in Resources */ = {isa = PBXBuildFile; fileRef = 45177C231F27971700918CDE /* Main.storyboard */; };
		45177C271F27971700918CDE /* Assets.xcassets in Resources */ = {isa = PBXBuildFile; fileRef = 45177C261F27971700918CDE /* Assets.xcassets */; };
		45177C2A1F27971700918CDE /* LaunchScreen.storyboard in Resources */ = {isa = PBXBuildFile; fileRef = 45177C281F27971700918CDE /* LaunchScreen.storyboard */; };
		45177C331F27979B00918CDE /* ToastViewController.swift in Sources */ = {isa = PBXBuildFile; fileRef = 45177C311F27979B00918CDE /* ToastViewController.swift */; };
		45177C341F27979B00918CDE /* ToastViewController.xib in Resources */ = {isa = PBXBuildFile; fileRef = 45177C321F27979B00918CDE /* ToastViewController.xib */; };
		45177C361F279D2200918CDE /* RadioStation.swift in Sources */ = {isa = PBXBuildFile; fileRef = 45177C351F279D2200918CDE /* RadioStation.swift */; };
		45177C381F279D9600918CDE /* RequestController.swift in Sources */ = {isa = PBXBuildFile; fileRef = 45177C371F279D9600918CDE /* RequestController.swift */; };
		45177C3A1F28E93800918CDE /* Extentions.swift in Sources */ = {isa = PBXBuildFile; fileRef = 45177C391F28E93800918CDE /* Extentions.swift */; };
		45177C3D1F29CF4200918CDE /* FavoritesViewController.swift in Sources */ = {isa = PBXBuildFile; fileRef = 45177C3B1F29CF4200918CDE /* FavoritesViewController.swift */; };
		45177C431F29DD9900918CDE /* Localize(Ru).strings in Resources */ = {isa = PBXBuildFile; fileRef = 45177C451F29DD9900918CDE /* Localize(Ru).strings */; };
		45177C471F2B496200918CDE /* MusicTableViewCell.swift in Sources */ = {isa = PBXBuildFile; fileRef = 45177C461F2B496200918CDE /* MusicTableViewCell.swift */; };
		45AAA7CD1F2F7DC900FB8C83 /* PlayerPopUp.swift in Sources */ = {isa = PBXBuildFile; fileRef = 45AAA7CC1F2F7DC900FB8C83 /* PlayerPopUp.swift */; };
		45AAA7CF1F30C7A600FB8C83 /* LocationManagerHandler.swift in Sources */ = {isa = PBXBuildFile; fileRef = 45AAA7CE1F30C7A600FB8C83 /* LocationManagerHandler.swift */; };
		45AAA7D21F31B39100FB8C83 /* ExternalAccessory.framework in Frameworks */ = {isa = PBXBuildFile; fileRef = 45AAA7D11F31B39100FB8C83 /* ExternalAccessory.framework */; };
		45AAA7D51F31B3BA00FB8C83 /* AudioToolbox.framework in Frameworks */ = {isa = PBXBuildFile; fileRef = 45AAA7D41F31B3BA00FB8C83 /* AudioToolbox.framework */; };
/* End PBXBuildFile section */

/* Begin PBXFileReference section */
		45177C1C1F27971700918CDE /* Radio.app */ = {isa = PBXFileReference; explicitFileType = wrapper.application; includeInIndex = 0; path = Radio.app; sourceTree = BUILT_PRODUCTS_DIR; };
		45177C1F1F27971700918CDE /* AppDelegate.swift */ = {isa = PBXFileReference; lastKnownFileType = sourcecode.swift; path = AppDelegate.swift; sourceTree = "<group>"; };
		45177C211F27971700918CDE /* ViewController.swift */ = {isa = PBXFileReference; lastKnownFileType = sourcecode.swift; path = ViewController.swift; sourceTree = "<group>"; };
		45177C241F27971700918CDE /* Base */ = {isa = PBXFileReference; lastKnownFileType = file.storyboard; name = Base; path = Base.lproj/Main.storyboard; sourceTree = "<group>"; };
		45177C261F27971700918CDE /* Assets.xcassets */ = {isa = PBXFileReference; lastKnownFileType = folder.assetcatalog; path = Assets.xcassets; sourceTree = "<group>"; };
		45177C291F27971700918CDE /* Base */ = {isa = PBXFileReference; lastKnownFileType = file.storyboard; name = Base; path = Base.lproj/LaunchScreen.storyboard; sourceTree = "<group>"; };
		45177C2B1F27971700918CDE /* Info.plist */ = {isa = PBXFileReference; lastKnownFileType = text.plist.xml; path = Info.plist; sourceTree = "<group>"; };
		45177C311F27979B00918CDE /* ToastViewController.swift */ = {isa = PBXFileReference; fileEncoding = 4; lastKnownFileType = sourcecode.swift; path = ToastViewController.swift; sourceTree = "<group>"; };
		45177C321F27979B00918CDE /* ToastViewController.xib */ = {isa = PBXFileReference; fileEncoding = 4; lastKnownFileType = file.xib; path = ToastViewController.xib; sourceTree = "<group>"; };
		45177C351F279D2200918CDE /* RadioStation.swift */ = {isa = PBXFileReference; fileEncoding = 4; lastKnownFileType = sourcecode.swift; path = RadioStation.swift; sourceTree = "<group>"; };
		45177C371F279D9600918CDE /* RequestController.swift */ = {isa = PBXFileReference; fileEncoding = 4; lastKnownFileType = sourcecode.swift; path = RequestController.swift; sourceTree = "<group>"; };
		45177C391F28E93800918CDE /* Extentions.swift */ = {isa = PBXFileReference; fileEncoding = 4; lastKnownFileType = sourcecode.swift; path = Extentions.swift; sourceTree = "<group>"; };
		45177C3B1F29CF4200918CDE /* FavoritesViewController.swift */ = {isa = PBXFileReference; fileEncoding = 4; lastKnownFileType = sourcecode.swift; path = FavoritesViewController.swift; sourceTree = "<group>"; };
		45177C411F29DD8A00918CDE /* ru */ = {isa = PBXFileReference; lastKnownFileType = text.plist.strings; name = ru; path = ru.lproj/Main.strings; sourceTree = "<group>"; };
		45177C421F29DD8A00918CDE /* ru */ = {isa = PBXFileReference; lastKnownFileType = text.plist.strings; name = ru; path = ru.lproj/LaunchScreen.strings; sourceTree = "<group>"; };
		45177C441F29DD9900918CDE /* ru */ = {isa = PBXFileReference; lastKnownFileType = text.plist.strings; name = ru; path = "ru.lproj/Localize(Ru).strings"; sourceTree = "<group>"; };
		45177C461F2B496200918CDE /* MusicTableViewCell.swift */ = {isa = PBXFileReference; fileEncoding = 4; lastKnownFileType = sourcecode.swift; path = MusicTableViewCell.swift; sourceTree = "<group>"; };
		45AAA7CC1F2F7DC900FB8C83 /* PlayerPopUp.swift */ = {isa = PBXFileReference; fileEncoding = 4; lastKnownFileType = sourcecode.swift; path = PlayerPopUp.swift; sourceTree = "<group>"; };
		45AAA7CE1F30C7A600FB8C83 /* LocationManagerHandler.swift */ = {isa = PBXFileReference; fileEncoding = 4; lastKnownFileType = sourcecode.swift; path = LocationManagerHandler.swift; sourceTree = "<group>"; };
		45AAA7D11F31B39100FB8C83 /* ExternalAccessory.framework */ = {isa = PBXFileReference; lastKnownFileType = wrapper.framework; name = ExternalAccessory.framework; path = System/Library/Frameworks/ExternalAccessory.framework; sourceTree = SDKROOT; };
		45AAA7D31F31B39100FB8C83 /* Radio.entitlements */ = {isa = PBXFileReference; lastKnownFileType = text.plist.entitlements; path = Radio.entitlements; sourceTree = "<group>"; };
		45AAA7D41F31B3BA00FB8C83 /* AudioToolbox.framework */ = {isa = PBXFileReference; lastKnownFileType = wrapper.framework; name = AudioToolbox.framework; path = System/Library/Frameworks/AudioToolbox.framework; sourceTree = SDKROOT; };
/* End PBXFileReference section */

/* Begin PBXFrameworksBuildPhase section */
		45177C191F27971700918CDE /* Frameworks */ = {
			isa = PBXFrameworksBuildPhase;
			buildActionMask = 2147483647;
			files = (
				45AAA7D21F31B39100FB8C83 /* ExternalAccessory.framework in Frameworks */,
				45AAA7D51F31B3BA00FB8C83 /* AudioToolbox.framework in Frameworks */,
			);
			runOnlyForDeploymentPostprocessing = 0;
		};
/* End PBXFrameworksBuildPhase section */

/* Begin PBXGroup section */
		45177C131F27971700918CDE = {
			isa = PBXGroup;
			children = (
				45177C451F29DD9900918CDE /* Localize(Ru).strings */,
				45177C1E1F27971700918CDE /* Radio */,
				45177C1D1F27971700918CDE /* Products */,
				45AAA7D01F31B39100FB8C83 /* Frameworks */,
			);
			sourceTree = "<group>";
		};
		45177C1D1F27971700918CDE /* Products */ = {
			isa = PBXGroup;
			children = (
				45177C1C1F27971700918CDE /* Radio.app */,
			);
			name = Products;
			sourceTree = "<group>";
		};
		45177C1E1F27971700918CDE /* Radio */ = {
			isa = PBXGroup;
			children = (
				45AAA7D31F31B39100FB8C83 /* Radio.entitlements */,
				45177C1F1F27971700918CDE /* AppDelegate.swift */,
				45177C211F27971700918CDE /* ViewController.swift */,
				45177C231F27971700918CDE /* Main.storyboard */,
				45177C261F27971700918CDE /* Assets.xcassets */,
				45177C281F27971700918CDE /* LaunchScreen.storyboard */,
				45177C2B1F27971700918CDE /* Info.plist */,
				45177C311F27979B00918CDE /* ToastViewController.swift */,
				45177C321F27979B00918CDE /* ToastViewController.xib */,
				45177C351F279D2200918CDE /* RadioStation.swift */,
				45177C371F279D9600918CDE /* RequestController.swift */,
				45177C391F28E93800918CDE /* Extentions.swift */,
				45177C3B1F29CF4200918CDE /* FavoritesViewController.swift */,
				45177C461F2B496200918CDE /* MusicTableViewCell.swift */,
				45AAA7CC1F2F7DC900FB8C83 /* PlayerPopUp.swift */,
				45AAA7CE1F30C7A600FB8C83 /* LocationManagerHandler.swift */,
			);
			path = Radio;
			sourceTree = "<group>";
		};
		45AAA7D01F31B39100FB8C83 /* Frameworks */ = {
			isa = PBXGroup;
			children = (
				45AAA7D41F31B3BA00FB8C83 /* AudioToolbox.framework */,
				45AAA7D11F31B39100FB8C83 /* ExternalAccessory.framework */,
			);
			name = Frameworks;
			sourceTree = "<group>";
		};
/* End PBXGroup section */

/* Begin PBXNativeTarget section */
		45177C1B1F27971700918CDE /* Radio */ = {
			isa = PBXNativeTarget;
			buildConfigurationList = 45177C2E1F27971700918CDE /* Build configuration list for PBXNativeTarget "Radio" */;
			buildPhases = (
				45177C181F27971700918CDE /* Sources */,
				45177C191F27971700918CDE /* Frameworks */,
				45177C1A1F27971700918CDE /* Resources */,
			);
			buildRules = (
			);
			dependencies = (
			);
			name = Radio;
			productName = Radio;
			productReference = 45177C1C1F27971700918CDE /* Radio.app */;
			productType = "com.apple.product-type.application";
		};
/* End PBXNativeTarget section */

/* Begin PBXProject section */
		45177C141F27971700918CDE /* Project object */ = {
			isa = PBXProject;
			attributes = {
				LastSwiftUpdateCheck = 0830;
				LastUpgradeCheck = 0830;
				ORGANIZATIONNAME = "Hovhannes Stepanyan";
				TargetAttributes = {
					45177C1B1F27971700918CDE = {
						CreatedOnToolsVersion = 8.3.3;
						DevelopmentTeam = R3JX6N7H4S;
						ProvisioningStyle = Automatic;
						SystemCapabilities = {
							com.apple.InterAppAudio = {
								enabled = 1;
							};
							com.apple.WAC = {
								enabled = 1;
							};
						};
					};
				};
			};
			buildConfigurationList = 45177C171F27971700918CDE /* Build configuration list for PBXProject "Radio" */;
			compatibilityVersion = "Xcode 3.2";
			developmentRegion = English;
			hasScannedForEncodings = 0;
			knownRegions = (
				en,
				Base,
			);
			mainGroup = 45177C131F27971700918CDE;
			productRefGroup = 45177C1D1F27971700918CDE /* Products */;
			projectDirPath = "";
			projectRoot = "";
			targets = (
				45177C1B1F27971700918CDE /* Radio */,
			);
		};
/* End PBXProject section */

/* Begin PBXResourcesBuildPhase section */
		45177C1A1F27971700918CDE /* Resources */ = {
			isa = PBXResourcesBuildPhase;
			buildActionMask = 2147483647;
			files = (
				45177C2A1F27971700918CDE /* LaunchScreen.storyboard in Resources */,
				45177C271F27971700918CDE /* Assets.xcassets in Resources */,
				45177C431F29DD9900918CDE /* Localize(Ru).strings in Resources */,
				45177C341F27979B00918CDE /* ToastViewController.xib in Resources */,
				45177C251F27971700918CDE /* Main.storyboard in Resources */,
			);
			runOnlyForDeploymentPostprocessing = 0;
		};
/* End PBXResourcesBuildPhase section */

/* Begin PBXSourcesBuildPhase section */
		45177C181F27971700918CDE /* Sources */ = {
			isa = PBXSourcesBuildPhase;
			buildActionMask = 2147483647;
			files = (
				45177C221F27971700918CDE /* ViewController.swift in Sources */,
				45177C381F279D9600918CDE /* RequestController.swift in Sources */,
				45AAA7CD1F2F7DC900FB8C83 /* PlayerPopUp.swift in Sources */,
				45AAA7CF1F30C7A600FB8C83 /* LocationManagerHandler.swift in Sources */,
				45177C3D1F29CF4200918CDE /* FavoritesViewController.swift in Sources */,
				45177C3A1F28E93800918CDE /* Extentions.swift in Sources */,
				45177C331F27979B00918CDE /* ToastViewController.swift in Sources */,
				45177C361F279D2200918CDE /* RadioStation.swift in Sources */,
				45177C201F27971700918CDE /* AppDelegate.swift in Sources */,
				45177C471F2B496200918CDE /* MusicTableViewCell.swift in Sources */,
			);
			runOnlyForDeploymentPostprocessing = 0;
		};
/* End PBXSourcesBuildPhase section */

/* Begin PBXVariantGroup section */
		45177C231F27971700918CDE /* Main.storyboard */ = {
			isa = PBXVariantGroup;
			children = (
				45177C241F27971700918CDE /* Base */,
				45177C411F29DD8A00918CDE /* ru */,
			);
			name = Main.storyboard;
			sourceTree = "<group>";
		};
		45177C281F27971700918CDE /* LaunchScreen.storyboard */ = {
			isa = PBXVariantGroup;
			children = (
				45177C291F27971700918CDE /* Base */,
				45177C421F29DD8A00918CDE /* ru */,
			);
			name = LaunchScreen.storyboard;
			sourceTree = "<group>";
		};
		45177C451F29DD9900918CDE /* Localize(Ru).strings */ = {
			isa = PBXVariantGroup;
			children = (
				45177C441F29DD9900918CDE /* ru */,
			);
			name = "Localize(Ru).strings";
			sourceTree = "<group>";
		};
/* End PBXVariantGroup section */

/* Begin XCBuildConfiguration section */
		45177C2C1F27971700918CDE /* Debug */ = {
			isa = XCBuildConfiguration;
			buildSettings = {
				ALWAYS_SEARCH_USER_PATHS = NO;
				CLANG_ANALYZER_LOCALIZABILITY_NONLOCALIZED = YES;
				CLANG_ANALYZER_NONNULL = YES;
				CLANG_ANALYZER_NUMBER_OBJECT_CONVERSION = YES_AGGRESSIVE;
				CLANG_CXX_LANGUAGE_STANDARD = "gnu++0x";
				CLANG_CXX_LIBRARY = "libc++";
				CLANG_ENABLE_MODULES = YES;
				CLANG_ENABLE_OBJC_ARC = YES;
				CLANG_WARN_BOOL_CONVERSION = YES;
				CLANG_WARN_CONSTANT_CONVERSION = YES;
				CLANG_WARN_DIRECT_OBJC_ISA_USAGE = YES_ERROR;
				CLANG_WARN_DOCUMENTATION_COMMENTS = YES;
				CLANG_WARN_EMPTY_BODY = YES;
				CLANG_WARN_ENUM_CONVERSION = YES;
				CLANG_WARN_INFINITE_RECURSION = YES;
				CLANG_WARN_INT_CONVERSION = YES;
				CLANG_WARN_OBJC_ROOT_CLASS = YES_ERROR;
				CLANG_WARN_SUSPICIOUS_MOVE = YES;
				CLANG_WARN_UNREACHABLE_CODE = YES;
				CLANG_WARN__DUPLICATE_METHOD_MATCH = YES;
				"CODE_SIGN_IDENTITY[sdk=iphoneos*]" = "iPhone Developer";
				COPY_PHASE_STRIP = NO;
				DEBUG_INFORMATION_FORMAT = dwarf;
				ENABLE_STRICT_OBJC_MSGSEND = YES;
				ENABLE_TESTABILITY = YES;
				GCC_C_LANGUAGE_STANDARD = gnu99;
				GCC_DYNAMIC_NO_PIC = NO;
				GCC_NO_COMMON_BLOCKS = YES;
				GCC_OPTIMIZATION_LEVEL = 0;
				GCC_PREPROCESSOR_DEFINITIONS = (
					"DEBUG=1",
					"$(inherited)",
				);
				GCC_WARN_64_TO_32_BIT_CONVERSION = YES;
				GCC_WARN_ABOUT_RETURN_TYPE = YES_ERROR;
				GCC_WARN_UNDECLARED_SELECTOR = YES;
				GCC_WARN_UNINITIALIZED_AUTOS = YES_AGGRESSIVE;
				GCC_WARN_UNUSED_FUNCTION = YES;
				GCC_WARN_UNUSED_VARIABLE = YES;
				IPHONEOS_DEPLOYMENT_TARGET = 10.3;
				MTL_ENABLE_DEBUG_INFO = YES;
				ONLY_ACTIVE_ARCH = YES;
				SDKROOT = iphoneos;
				SWIFT_ACTIVE_COMPILATION_CONDITIONS = DEBUG;
				SWIFT_OPTIMIZATION_LEVEL = "-Onone";
				TARGETED_DEVICE_FAMILY = "1,2";
			};
			name = Debug;
		};
		45177C2D1F27971700918CDE /* Release */ = {
			isa = XCBuildConfiguration;
			buildSettings = {
				ALWAYS_SEARCH_USER_PATHS = NO;
				CLANG_ANALYZER_LOCALIZABILITY_NONLOCALIZED = YES;
				CLANG_ANALYZER_NONNULL = YES;
				CLANG_ANALYZER_NUMBER_OBJECT_CONVERSION = YES_AGGRESSIVE;
				CLANG_CXX_LANGUAGE_STANDARD = "gnu++0x";
				CLANG_CXX_LIBRARY = "libc++";
				CLANG_ENABLE_MODULES = YES;
				CLANG_ENABLE_OBJC_ARC = YES;
				CLANG_WARN_BOOL_CONVERSION = YES;
				CLANG_WARN_CONSTANT_CONVERSION = YES;
				CLANG_WARN_DIRECT_OBJC_ISA_USAGE = YES_ERROR;
				CLANG_WARN_DOCUMENTATION_COMMENTS = YES;
				CLANG_WARN_EMPTY_BODY = YES;
				CLANG_WARN_ENUM_CONVERSION = YES;
				CLANG_WARN_INFINITE_RECURSION = YES;
				CLANG_WARN_INT_CONVERSION = YES;
				CLANG_WARN_OBJC_ROOT_CLASS = YES_ERROR;
				CLANG_WARN_SUSPICIOUS_MOVE = YES;
				CLANG_WARN_UNREACHABLE_CODE = YES;
				CLANG_WARN__DUPLICATE_METHOD_MATCH = YES;
				"CODE_SIGN_IDENTITY[sdk=iphoneos*]" = "iPhone Developer";
				COPY_PHASE_STRIP = NO;
				DEBUG_INFORMATION_FORMAT = "dwarf-with-dsym";
				ENABLE_NS_ASSERTIONS = NO;
				ENABLE_STRICT_OBJC_MSGSEND = YES;
				GCC_C_LANGUAGE_STANDARD = gnu99;
				GCC_NO_COMMON_BLOCKS = YES;
				GCC_WARN_64_TO_32_BIT_CONVERSION = YES;
				GCC_WARN_ABOUT_RETURN_TYPE = YES_ERROR;
				GCC_WARN_UNDECLARED_SELECTOR = YES;
				GCC_WARN_UNINITIALIZED_AUTOS = YES_AGGRESSIVE;
				GCC_WARN_UNUSED_FUNCTION = YES;
				GCC_WARN_UNUSED_VARIABLE = YES;
				IPHONEOS_DEPLOYMENT_TARGET = 10.3;
				MTL_ENABLE_DEBUG_INFO = NO;
				SDKROOT = iphoneos;
				SWIFT_OPTIMIZATION_LEVEL = "-Owholemodule";
				TARGETED_DEVICE_FAMILY = "1,2";
				VALIDATE_PRODUCT = YES;
			};
			name = Release;
		};
		45177C2F1F27971700918CDE /* Debug */ = {
			isa = XCBuildConfiguration;
			buildSettings = {
				ASSETCATALOG_COMPILER_APPICON_NAME = AppIcon;
				CODE_SIGN_ENTITLEMENTS = Radio/Radio.entitlements;
				DEVELOPMENT_TEAM = R3JX6N7H4S;
				INFOPLIST_FILE = Radio/Info.plist;
				IPHONEOS_DEPLOYMENT_TARGET = 9.3;
				LD_RUNPATH_SEARCH_PATHS = "$(inherited) @executable_path/Frameworks";
				PRODUCT_BUNDLE_IDENTIFIER = com.swift.Radio;
				PRODUCT_NAME = "$(TARGET_NAME)";
				SWIFT_VERSION = 3.0;
			};
			name = Debug;
		};
		45177C301F27971700918CDE /* Release */ = {
			isa = XCBuildConfiguration;
			buildSettings = {
				ASSETCATALOG_COMPILER_APPICON_NAME = AppIcon;
				CODE_SIGN_ENTITLEMENTS = Radio/Radio.entitlements;
				DEVELOPMENT_TEAM = R3JX6N7H4S;
				INFOPLIST_FILE = Radio/Info.plist;
				IPHONEOS_DEPLOYMENT_TARGET = 9.3;
				LD_RUNPATH_SEARCH_PATHS = "$(inherited) @executable_path/Frameworks";
				PRODUCT_BUNDLE_IDENTIFIER = com.swift.Radio;
				PRODUCT_NAME = "$(TARGET_NAME)";
				SWIFT_VERSION = 3.0;
			};
			name = Release;
		};
/* End XCBuildConfiguration section */

/* Begin XCConfigurationList section */
		45177C171F27971700918CDE /* Build configuration list for PBXProject "Radio" */ = {
			isa = XCConfigurationList;
			buildConfigurations = (
				45177C2C1F27971700918CDE /* Debug */,
				45177C2D1F27971700918CDE /* Release */,
			);
			defaultConfigurationIsVisible = 0;
			defaultConfigurationName = Release;
		};
		45177C2E1F27971700918CDE /* Build configuration list for PBXNativeTarget "Radio" */ = {
			isa = XCConfigurationList;
			buildConfigurations = (
				45177C2F1F27971700918CDE /* Debug */,
				45177C301F27971700918CDE /* Release */,
			);
			defaultConfigurationIsVisible = 0;
			defaultConfigurationName = Release;
		};
/* End XCConfigurationList section */
	};
	rootObject = 45177C141F27971700918CDE /* Project object */;
}
